// !$*UTF8*$!
{
	archiveVersion = 1;
	classes = {
	};
	objectVersion = 42;
	objects = {

/* Begin PBXAggregateTarget section */
		8F78AC730A41C73C005622AB /* Build Intel Static Libs */ = {
			isa = PBXAggregateTarget;
			buildConfigurationList = 8F78AC760A41C75B005622AB /* Build configuration list for PBXAggregateTarget "Build Intel Static Libs" */;
			buildPhases = (
				8F78AC720A41C73C005622AB /* ShellScript */,
			);
			dependencies = (
			);
			name = "Build Intel Static Libs";
			productName = "Build Intel Static Libs";
		};
		8F9B11390A41CFC400083569 /* Build PPC Static Libs */ = {
			isa = PBXAggregateTarget;
			buildConfigurationList = 8F9B113C0A41CFE200083569 /* Build configuration list for PBXAggregateTarget "Build PPC Static Libs" */;
			buildPhases = (
				8F9B11380A41CFC400083569 /* ShellScript */,
			);
			dependencies = (
			);
			name = "Build PPC Static Libs";
			productName = "Build PPC Static Libs";
		};
		8F9B11480A41D10F00083569 /* Lipo Static Libs */ = {
			isa = PBXAggregateTarget;
			buildConfigurationList = 8F9B11530A41D13500083569 /* Build configuration list for PBXAggregateTarget "Lipo Static Libs" */;
			buildPhases = (
				8F9B11470A41D10F00083569 /* ShellScript */,
			);
			dependencies = (
				8F9B114E0A41D11600083569 /* PBXTargetDependency */,
				8F9B11500A41D11700083569 /* PBXTargetDependency */,
			);
			name = "Lipo Static Libs";
			productName = "Lipo Static Libs";
		};
		F5790A2F0A422CFC0083622C /* Perian */ = {
			isa = PBXAggregateTarget;
			buildConfigurationList = F5790A3A0A422D2A0083622C /* Build configuration list for PBXAggregateTarget "Perian" */;
			buildPhases = (
			);
			dependencies = (
				F5790A330A422D040083622C /* PBXTargetDependency */,
				F5790A310A422D040083622C /* PBXTargetDependency */,
			);
			name = Perian;
			productName = "Perian All";
		};
/* End PBXAggregateTarget section */

/* Begin PBXBuildFile section */
		11A70ACE0A3D0131002058D4 /* Carbon.framework in Frameworks */ = {isa = PBXBuildFile; fileRef = 11D4EEFC0A3CE7FA0066D45F /* Carbon.framework */; };
		11A70ACF0A3D0131002058D4 /* libavcodec.a in Frameworks */ = {isa = PBXBuildFile; fileRef = 11D4EFA10A3CE8C10066D45F /* libavcodec.a */; };
		11A70AD00A3D0131002058D4 /* libavutil.a in Frameworks */ = {isa = PBXBuildFile; fileRef = 11D4EFA20A3CE8C10066D45F /* libavutil.a */; };
		11A70AD10A3D0131002058D4 /* libpostproc.a in Frameworks */ = {isa = PBXBuildFile; fileRef = 11D4EFA30A3CE8C10066D45F /* libpostproc.a */; };
		11A70AD20A3D0131002058D4 /* libz.dylib in Frameworks */ = {isa = PBXBuildFile; fileRef = 1156DBD80A3CE9F500963B0E /* libz.dylib */; };
		11A70AD30A3D0131002058D4 /* QuickTime.framework in Frameworks */ = {isa = PBXBuildFile; fileRef = 11D4EED50A3CE7EC0066D45F /* QuickTime.framework */; };
		11A70AD70A3D013E002058D4 /* FFusionCodec.c in Sources */ = {isa = PBXBuildFile; fileRef = F560DF0003D61D0101ABA332 /* FFusionCodec.c */; };
		11A70AD80A3D0149002058D4 /* InfoPlist.strings in Resources */ = {isa = PBXBuildFile; fileRef = 089C167DFE841241C02AAC07 /* InfoPlist.strings */; };
		11A70AD90A3D0149002058D4 /* FFusion.icns in Resources */ = {isa = PBXBuildFile; fileRef = F50D440703EAD8DF01B1D299 /* FFusion.icns */; };
		11A70ADA0A3D0149002058D4 /* main.nib in Resources */ = {isa = PBXBuildFile; fileRef = 02B4991D040D596C0049362E /* main.nib */; };
		11A70ADB0A3D0149002058D4 /* PostProcessing.strings in Resources */ = {isa = PBXBuildFile; fileRef = 02B499DE040D7A180049362E /* PostProcessing.strings */; };
		11A70AE00A3D015A002058D4 /* FFusionCodec.r in Rez */ = {isa = PBXBuildFile; fileRef = F560DF0203D622D001ABA332 /* FFusionCodec.r */; };
/* End PBXBuildFile section */

/* Begin PBXContainerItemProxy section */
		8F9B114D0A41D11600083569 /* PBXContainerItemProxy */ = {
			isa = PBXContainerItemProxy;
			containerPortal = 089C1669FE841209C02AAC07 /* Project object */;
			proxyType = 1;
			remoteGlobalIDString = 8F9B11390A41CFC400083569;
			remoteInfo = "Build PPC Static Libs";
		};
		8F9B114F0A41D11700083569 /* PBXContainerItemProxy */ = {
			isa = PBXContainerItemProxy;
			containerPortal = 089C1669FE841209C02AAC07 /* Project object */;
			proxyType = 1;
			remoteGlobalIDString = 8F78AC730A41C73C005622AB;
			remoteInfo = "Build Intel Static Libs";
		};
		F5790A300A422D040083622C /* PBXContainerItemProxy */ = {
			isa = PBXContainerItemProxy;
			containerPortal = 089C1669FE841209C02AAC07 /* Project object */;
			proxyType = 1;
			remoteGlobalIDString = 11A70AC00A3D0105002058D4;
			remoteInfo = Perian;
		};
		F5790A320A422D040083622C /* PBXContainerItemProxy */ = {
			isa = PBXContainerItemProxy;
			containerPortal = 089C1669FE841209C02AAC07 /* Project object */;
			proxyType = 1;
			remoteGlobalIDString = 8F9B11480A41D10F00083569;
			remoteInfo = "Lipo Static Libs";
		};
/* End PBXContainerItemProxy section */

/* Begin PBXFileReference section */
		02B4991E040D596C0049362E /* English */ = {isa = PBXFileReference; lastKnownFileType = wrapper.nib; name = English; path = English.lproj/main.nib; sourceTree = "<group>"; };
		02B499DF040D7A180049362E /* English */ = {isa = PBXFileReference; fileEncoding = 10; lastKnownFileType = text.plist.strings; name = English; path = English.lproj/PostProcessing.strings; sourceTree = "<group>"; };
		02CA1BD00513A37900D00256 /* French */ = {isa = PBXFileReference; lastKnownFileType = wrapper.nib; name = French; path = French.lproj/main.nib; sourceTree = "<group>"; };
		02CA1BD10513A38400D00256 /* French */ = {isa = PBXFileReference; lastKnownFileType = text.plist.strings; name = French; path = French.lproj/PostProcessing.strings; sourceTree = "<group>"; };
		02CA1BD20513A38D00D00256 /* French */ = {isa = PBXFileReference; lastKnownFileType = text.plist.strings; name = French; path = French.lproj/InfoPlist.strings; sourceTree = "<group>"; };
		089C167EFE841241C02AAC07 /* English */ = {isa = PBXFileReference; fileEncoding = 10; lastKnownFileType = text.plist.strings; name = English; path = English.lproj/InfoPlist.strings; sourceTree = "<group>"; };
		1156DBD80A3CE9F500963B0E /* libz.dylib */ = {isa = PBXFileReference; lastKnownFileType = "compiled.mach-o.dylib"; name = libz.dylib; path = /usr/lib/libz.dylib; sourceTree = "<absolute>"; };
		11A709DA0A3CFCB6002058D4 /* Perian-Info.plist */ = {isa = PBXFileReference; lastKnownFileType = text.xml; path = "Perian-Info.plist"; sourceTree = "<group>"; };
		11A70AC10A3D0105002058D4 /* Perian.component */ = {isa = PBXFileReference; explicitFileType = wrapper.cfbundle; includeInIndex = 0; path = Perian.component; sourceTree = BUILT_PRODUCTS_DIR; };
		11D4EED50A3CE7EC0066D45F /* QuickTime.framework */ = {isa = PBXFileReference; lastKnownFileType = wrapper.framework; name = QuickTime.framework; path = /Developer/SDKs/MacOSX10.4u.sdk/System/Library/Frameworks/QuickTime.framework; sourceTree = "<absolute>"; };
		11D4EEFC0A3CE7FA0066D45F /* Carbon.framework */ = {isa = PBXFileReference; lastKnownFileType = wrapper.framework; name = Carbon.framework; path = /Developer/SDKs/MacOSX10.4u.sdk/System/Library/Frameworks/Carbon.framework; sourceTree = "<absolute>"; };
		11D4EFA10A3CE8C10066D45F /* libavcodec.a */ = {isa = PBXFileReference; lastKnownFileType = archive.ar; name = libavcodec.a; path = build/Universal/libavcodec.a; sourceTree = "<group>"; };
		11D4EFA20A3CE8C10066D45F /* libavutil.a */ = {isa = PBXFileReference; lastKnownFileType = archive.ar; name = libavutil.a; path = build/Universal/libavutil.a; sourceTree = "<group>"; };
		11D4EFA30A3CE8C10066D45F /* libpostproc.a */ = {isa = PBXFileReference; lastKnownFileType = archive.ar; name = libpostproc.a; path = build/Universal/libpostproc.a; sourceTree = "<group>"; };
		F50D440703EAD8DF01B1D299 /* FFusion.icns */ = {isa = PBXFileReference; lastKnownFileType = image.icns; path = FFusion.icns; sourceTree = "<group>"; };
		F560DECD03D61B6101ABA332 /* Components.k.h */ = {isa = PBXFileReference; fileEncoding = 4; lastKnownFileType = sourcecode.c.h; path = Components.k.h; sourceTree = "<group>"; };
		F560DEFC03D61BE301ABA332 /* FFusionCodec.h */ = {isa = PBXFileReference; fileEncoding = 4; lastKnownFileType = sourcecode.c.h; path = FFusionCodec.h; sourceTree = "<group>"; };
		F560DEFE03D61C4601ABA332 /* FFusionCodecDispatch.h */ = {isa = PBXFileReference; fileEncoding = 4; lastKnownFileType = sourcecode.c.h; path = FFusionCodecDispatch.h; sourceTree = "<group>"; };
		F560DF0003D61D0101ABA332 /* FFusionCodec.c */ = {isa = PBXFileReference; fileEncoding = 4; lastKnownFileType = sourcecode.c.c; path = FFusionCodec.c; sourceTree = "<group>"; };
		F560DF0203D622D001ABA332 /* FFusionCodec.r */ = {isa = PBXFileReference; fileEncoding = 4; lastKnownFileType = sourcecode.rez; path = FFusionCodec.r; sourceTree = "<group>"; };
		F560DF0403D623F301ABA332 /* EI_Image.h */ = {isa = PBXFileReference; fileEncoding = 4; lastKnownFileType = sourcecode.c.h; path = EI_Image.h; sourceTree = "<group>"; };
/* End PBXFileReference section */

/* Begin PBXFrameworksBuildPhase section */
		11A70ABF0A3D0105002058D4 /* Frameworks */ = {
			isa = PBXFrameworksBuildPhase;
			buildActionMask = 2147483647;
			files = (
				11A70ACE0A3D0131002058D4 /* Carbon.framework in Frameworks */,
				11A70ACF0A3D0131002058D4 /* libavcodec.a in Frameworks */,
				11A70AD00A3D0131002058D4 /* libavutil.a in Frameworks */,
				11A70AD10A3D0131002058D4 /* libpostproc.a in Frameworks */,
				11A70AD20A3D0131002058D4 /* libz.dylib in Frameworks */,
				11A70AD30A3D0131002058D4 /* QuickTime.framework in Frameworks */,
			);
			runOnlyForDeploymentPostprocessing = 0;
		};
/* End PBXFrameworksBuildPhase section */

/* Begin PBXGroup section */
		089C166AFE841209C02AAC07 /* ffmpeg DivX */ = {
			isa = PBXGroup;
			children = (
				08FB77ADFE841716C02AAC07 /* Source */,
				089C167CFE841241C02AAC07 /* Resources */,
				089C1671FE841209C02AAC07 /* External Frameworks and Libraries */,
				19C28FB4FE9D528D11CA2CBB /* Products */,
				11A709DA0A3CFCB6002058D4 /* Perian-Info.plist */,
			);
			name = "ffmpeg DivX";
			sourceTree = "<group>";
		};
		089C1671FE841209C02AAC07 /* External Frameworks and Libraries */ = {
			isa = PBXGroup;
			children = (
				1156DBD80A3CE9F500963B0E /* libz.dylib */,
				11D4EFA10A3CE8C10066D45F /* libavcodec.a */,
				11D4EFA20A3CE8C10066D45F /* libavutil.a */,
				11D4EFA30A3CE8C10066D45F /* libpostproc.a */,
				11D4EEFC0A3CE7FA0066D45F /* Carbon.framework */,
				11D4EED50A3CE7EC0066D45F /* QuickTime.framework */,
			);
			name = "External Frameworks and Libraries";
			sourceTree = "<group>";
		};
		089C167CFE841241C02AAC07 /* Resources */ = {
			isa = PBXGroup;
			children = (
				089C167DFE841241C02AAC07 /* InfoPlist.strings */,
				02B499DE040D7A180049362E /* PostProcessing.strings */,
				02B4991D040D596C0049362E /* main.nib */,
				F560DF0203D622D001ABA332 /* FFusionCodec.r */,
				F50D440903EAD8E701B1D299 /* Images */,
			);
			name = Resources;
			sourceTree = "<group>";
		};
		08FB77ADFE841716C02AAC07 /* Source */ = {
			isa = PBXGroup;
			children = (
				F560DF0403D623F301ABA332 /* EI_Image.h */,
				F560DECD03D61B6101ABA332 /* Components.k.h */,
				F560DEFC03D61BE301ABA332 /* FFusionCodec.h */,
				F560DEFE03D61C4601ABA332 /* FFusionCodecDispatch.h */,
				F560DF0003D61D0101ABA332 /* FFusionCodec.c */,
			);
			name = Source;
			sourceTree = "<group>";
		};
		19C28FB4FE9D528D11CA2CBB /* Products */ = {
			isa = PBXGroup;
			children = (
				11A70AC10A3D0105002058D4 /* Perian.component */,
			);
			name = Products;
			sourceTree = "<group>";
		};
		F50D440903EAD8E701B1D299 /* Images */ = {
			isa = PBXGroup;
			children = (
				F50D440703EAD8DF01B1D299 /* FFusion.icns */,
			);
			name = Images;
			sourceTree = "<group>";
		};
/* End PBXGroup section */

/* Begin PBXNativeTarget section */
		11A70AC00A3D0105002058D4 /* Perian (No Libraries) */ = {
			isa = PBXNativeTarget;
			buildConfigurationList = 11A70AC80A3D0111002058D4 /* Build configuration list for PBXNativeTarget "Perian (No Libraries)" */;
			buildPhases = (
				11A70ABD0A3D0105002058D4 /* Resources */,
				11A70ABE0A3D0105002058D4 /* Sources */,
				11A70ABF0A3D0105002058D4 /* Frameworks */,
				11A70ADC0A3D0156002058D4 /* Rez */,
			);
			buildRules = (
			);
			dependencies = (
			);
			name = "Perian (No Libraries)";
			productName = Perian;
			productReference = 11A70AC10A3D0105002058D4 /* Perian.component */;
			productType = "com.apple.product-type.bundle";
		};
/* End PBXNativeTarget section */

/* Begin PBXProject section */
		089C1669FE841209C02AAC07 /* Project object */ = {
			isa = PBXProject;
			buildConfigurationList = 11D4ED470A3CE59A0066D45F /* Build configuration list for PBXProject "Perian" */;
			hasScannedForEncodings = 1;
			mainGroup = 089C166AFE841209C02AAC07 /* ffmpeg DivX */;
			projectDirPath = "";
			targets = (
				F5790A2F0A422CFC0083622C /* Perian */,
				11A70AC00A3D0105002058D4 /* Perian (No Libraries) */,
				8F9B11480A41D10F00083569 /* Lipo Static Libs */,
				8F9B11390A41CFC400083569 /* Build PPC Static Libs */,
				8F78AC730A41C73C005622AB /* Build Intel Static Libs */,
			);
		};
/* End PBXProject section */

/* Begin PBXResourcesBuildPhase section */
		11A70ABD0A3D0105002058D4 /* Resources */ = {
			isa = PBXResourcesBuildPhase;
			buildActionMask = 2147483647;
			files = (
				11A70AD80A3D0149002058D4 /* InfoPlist.strings in Resources */,
				11A70AD90A3D0149002058D4 /* FFusion.icns in Resources */,
				11A70ADA0A3D0149002058D4 /* main.nib in Resources */,
				11A70ADB0A3D0149002058D4 /* PostProcessing.strings in Resources */,
			);
			runOnlyForDeploymentPostprocessing = 0;
		};
/* End PBXResourcesBuildPhase section */

/* Begin PBXRezBuildPhase section */
		11A70ADC0A3D0156002058D4 /* Rez */ = {
			isa = PBXRezBuildPhase;
			buildActionMask = 2147483647;
			files = (
				11A70AE00A3D015A002058D4 /* FFusionCodec.r in Rez */,
			);
			runOnlyForDeploymentPostprocessing = 0;
		};
/* End PBXRezBuildPhase section */

/* Begin PBXShellScriptBuildPhase section */
		8F78AC720A41C73C005622AB /* ShellScript */ = {
			isa = PBXShellScriptBuildPhase;
			buildActionMask = 12;
			files = (
			);
			inputPaths = (
			);
			outputPaths = (
			);
			runOnlyForDeploymentPostprocessing = 0;
			shellPath = /bin/sh;
			shellScript = "BUILDDIR=\"$SYMROOT/intel\"\nmkdir \"$BUILDDIR\"\n\ncd \"$SRCROOT/ffmpeg\"\npatch -p0 < ../ffmpeg-configure-crosscomp.patch\npatch -p0 < ../ffmpeg-svn-mactel.patch\n\ncd \"$BUILDDIR\"\nif [ `arch` != i386 ] ; then\n\t\"$SRCROOT/ffmpeg/configure\" --cross-compile --cpu=x86 --enable-pp --enable-gpl --extra-cflags='-arch i386 -isysroot /Developer/SDKs/MacOSX10.4u.sdk' --extra-ldflags='-isysroot /Developer/SDKs/MacOSX10.4u.sdk -arch i386'\n\n\t#construct the \"fake\" config.mak and config.h files to work around the brokenness of cross-compiles\n\trm \"$BUILDDIR/config.h\"\n\tcp \"$SRCROOT/i386-configured/config.h\" \"$BUILDDIR\"\n\trm \"$BUILDDIR/config.mak\"\n\tcp \"$SRCROOT/i386-configured/config.mak\" \"$BUILDDIR\"\nelse\n\t\"$SRCROOT/ffmpeg/configure\" --enable-pp --enable-gpl --enable-memalign-hack\nfi\nmake\n\ncd \"$SRCROOT/ffmpeg\"\npatch -R -p0 < ../ffmpeg-configure-crosscomp.patch\npatch -R -p0 < ../ffmpeg-svn-mactel.patch\n";
		};
		8F9B11380A41CFC400083569 /* ShellScript */ = {
			isa = PBXShellScriptBuildPhase;
			buildActionMask = 2147483647;
			files = (
			);
			inputPaths = (
			);
			outputPaths = (
			);
			runOnlyForDeploymentPostprocessing = 0;
			shellPath = /bin/sh;
			shellScript = "BUILDDIR=\"$SYMROOT/ppc\"\nmkdir \"$BUILDDIR\"\n\ncd \"$SRCROOT/ffmpeg\"\npatch -p0 < ../ffmpeg-configure-crosscomp.patch\n\ncd \"$BUILDDIR\"\nif [ `arch` = ppc ] ; then\n\t\"$SRCROOT/ffmpeg/configure\" --enable-pp --enable-gpl\nelse\n\t\"$SRCROOT/ffmpeg/configure\" --enable-pp --enable-gpl --cpu=ppc  --extra-cflags='-arch ppc -isysroot /Developer/SDKs/MacOSX10.4u.sdk' --extra-ldflags='-isysroot /Developer/SDKs/MacOSX10.4u.sdk -arch ppc'\n\n\t#construct the \"fake\" config.mak and config.h files to work around the brokenness of cross-compiles\n\trm \"$BUILDDIR/config.h\"\n\tcp \"$SRCROOT/ppc-configured/config.h\" \"$BUILDDIR\"\n\trm \"$BUILDDIR/config.mak\"\n\tcp \"$SRCROOT/ppc-configured/config.mak\" \"$BUILDDIR\"\nfi\nmake\n\ncd \"$SRCROOT/ffmpeg\"\npatch -R -p0 < ../ffmpeg-configure-crosscomp.patch";
		};
		8F9B11470A41D10F00083569 /* ShellScript */ = {
			isa = PBXShellScriptBuildPhase;
			buildActionMask = 2147483647;
			files = (
			);
			inputPaths = (
			);
			outputPaths = (
			);
			runOnlyForDeploymentPostprocessing = 0;
			shellPath = /bin/sh;
			shellScript = "BUILDDIR=\"$SYMROOT/Universal\"\nINTEL=\"$SYMROOT/intel\"\nPPC=\"$SYMROOT/ppc\"\nrm -rf \"$BUILDDIR\"\nmkdir \"$BUILDDIR\"\nfor aa in \"$INTEL\"/*/*.a ; do\n\techo lipo -create $aa `echo -n $aa | sed 's/intel/ppc/'` -output `echo -n $aa | sed 's/intel\\/.*\\//Universal\\//'`\n\tlipo -create $aa `echo -n $aa | sed 's/intel/ppc/'` -output `echo -n $aa | sed 's/intel\\/.*\\//Universal\\//'`\ndone\n";
		};
/* End PBXShellScriptBuildPhase section */

/* Begin PBXSourcesBuildPhase section */
		11A70ABE0A3D0105002058D4 /* Sources */ = {
			isa = PBXSourcesBuildPhase;
			buildActionMask = 2147483647;
			files = (
				11A70AD70A3D013E002058D4 /* FFusionCodec.c in Sources */,
			);
			runOnlyForDeploymentPostprocessing = 0;
		};
/* End PBXSourcesBuildPhase section */

/* Begin PBXTargetDependency section */
		8F9B114E0A41D11600083569 /* PBXTargetDependency */ = {
			isa = PBXTargetDependency;
			target = 8F9B11390A41CFC400083569 /* Build PPC Static Libs */;
			targetProxy = 8F9B114D0A41D11600083569 /* PBXContainerItemProxy */;
		};
		8F9B11500A41D11700083569 /* PBXTargetDependency */ = {
			isa = PBXTargetDependency;
			target = 8F78AC730A41C73C005622AB /* Build Intel Static Libs */;
			targetProxy = 8F9B114F0A41D11700083569 /* PBXContainerItemProxy */;
		};
		F5790A310A422D040083622C /* PBXTargetDependency */ = {
			isa = PBXTargetDependency;
			target = 11A70AC00A3D0105002058D4 /* Perian (No Libraries) */;
			targetProxy = F5790A300A422D040083622C /* PBXContainerItemProxy */;
		};
		F5790A330A422D040083622C /* PBXTargetDependency */ = {
			isa = PBXTargetDependency;
			target = 8F9B11480A41D10F00083569 /* Lipo Static Libs */;
			targetProxy = F5790A320A422D040083622C /* PBXContainerItemProxy */;
		};
/* End PBXTargetDependency section */

/* Begin PBXVariantGroup section */
		02B4991D040D596C0049362E /* main.nib */ = {
			isa = PBXVariantGroup;
			children = (
				02B4991E040D596C0049362E /* English */,
				02CA1BD00513A37900D00256 /* French */,
			);
			name = main.nib;
			sourceTree = "<group>";
		};
		02B499DE040D7A180049362E /* PostProcessing.strings */ = {
			isa = PBXVariantGroup;
			children = (
				02B499DF040D7A180049362E /* English */,
				02CA1BD10513A38400D00256 /* French */,
			);
			name = PostProcessing.strings;
			sourceTree = "<group>";
		};
		089C167DFE841241C02AAC07 /* InfoPlist.strings */ = {
			isa = PBXVariantGroup;
			children = (
				089C167EFE841241C02AAC07 /* English */,
				02CA1BD20513A38D00D00256 /* French */,
			);
			name = InfoPlist.strings;
			sourceTree = "<group>";
		};
/* End PBXVariantGroup section */

/* Begin XCBuildConfiguration section */
		11A70AC90A3D0111002058D4 /* Development */ = {
			isa = XCBuildConfiguration;
			buildSettings = {
				ARCHS = (
					i386,
					ppc,
				);
				COPY_PHASE_STRIP = NO;
				DEBUG_INFORMATION_FORMAT = stabs;
				FRAMEWORK_SEARCH_PATHS = (
					"$(inherited)",
					"$(FRAMEWORK_SEARCH_PATHS_QUOTED_1)",
				);
				FRAMEWORK_SEARCH_PATHS_QUOTED_1 = "\"$(SYSTEM_DEVELOPER_DIR)/SDKs/MacOSX10.4u.sdk/System/Library/Frameworks\"";
				GCC_DYNAMIC_NO_PIC = NO;
				GCC_ENABLE_FIX_AND_CONTINUE = YES;
				GCC_GENERATE_DEBUGGING_SYMBOLS = YES;
				GCC_MODEL_TUNING = G4;
				GCC_OPTIMIZATION_LEVEL = 0;
				GCC_PRECOMPILE_PREFIX_HEADER = YES;
				GCC_PREFIX_HEADER = "$(SYSTEM_LIBRARY_DIR)/Frameworks/Carbon.framework/Headers/Carbon.h";
				GCC_PREPROCESSOR_DEFINITIONS = DEBUG_BUILD;
				HEADER_SEARCH_PATHS = (
					ffmpeg/libavcodec,
					ffmpeg/libavutil,
					ffmpeg/libpostproc,
				);
				INFOPLIST_FILE = "Perian-Info.plist";
				INSTALL_PATH = "$(HOME)/Library/Bundles";
				LIBRARY_SEARCH_PATHS = $SYMROOT/Universal;
				OTHER_LDFLAGS = (
					"-framework",
					Carbon,
					"-read_only_relocs",
					suppress,
				);
				PREBINDING = NO;
				PRODUCT_NAME = Perian;
				REZ_PREPROCESSOR_DEFINITIONS = "";
				SDKROOT = /Developer/SDKs/MacOSX10.4u.sdk;
				WRAPPER_EXTENSION = component;
				ZERO_LINK = NO;
			};
			name = Development;
		};
		11A70ACA0A3D0111002058D4 /* Deployment */ = {
			isa = XCBuildConfiguration;
			buildSettings = {
				ARCHS = (
					i386,
					ppc,
				);
				COPY_PHASE_STRIP = YES;
				DEBUG_INFORMATION_FORMAT = stabs;
				FRAMEWORK_SEARCH_PATHS = (
					"$(inherited)",
					"$(FRAMEWORK_SEARCH_PATHS_QUOTED_1)",
				);
				FRAMEWORK_SEARCH_PATHS_QUOTED_1 = "\"$(SYSTEM_DEVELOPER_DIR)/SDKs/MacOSX10.4u.sdk/System/Library/Frameworks\"";
				GCC_ENABLE_FIX_AND_CONTINUE = NO;
				GCC_GENERATE_DEBUGGING_SYMBOLS = NO;
				GCC_MODEL_TUNING = G4;
				GCC_PRECOMPILE_PREFIX_HEADER = YES;
				GCC_PREFIX_HEADER = "$(SYSTEM_LIBRARY_DIR)/Frameworks/Carbon.framework/Headers/Carbon.h";
				HEADER_SEARCH_PATHS = (
					ffmpeg/libavcodec,
					ffmpeg/libavutil,
					ffmpeg/libpostproc,
				);
				INFOPLIST_FILE = "Perian-Info.plist";
				INSTALL_PATH = "$(HOME)/Library/Bundles";
				LIBRARY_SEARCH_PATHS = $SYMROOT/Universal;
				OTHER_LDFLAGS = (
					"-framework",
					Carbon,
					"-read_only_relocs",
					suppress,
				);
				PREBINDING = NO;
				PRODUCT_NAME = Perian;
				SDKROOT = /Developer/SDKs/MacOSX10.4u.sdk;
				WRAPPER_EXTENSION = component;
				ZERO_LINK = NO;
			};
			name = Deployment;
		};
		11A70ACB0A3D0111002058D4 /* Default */ = {
			isa = XCBuildConfiguration;
			buildSettings = {
				ARCHS = (
					i386,
					ppc,
				);
				DEBUG_INFORMATION_FORMAT = stabs;
				FRAMEWORK_SEARCH_PATHS = (
					"$(inherited)",
					"$(FRAMEWORK_SEARCH_PATHS_QUOTED_1)",
				);
				FRAMEWORK_SEARCH_PATHS_QUOTED_1 = "\"$(SYSTEM_DEVELOPER_DIR)/SDKs/MacOSX10.4u.sdk/System/Library/Frameworks\"";
				GCC_ENABLE_FIX_AND_CONTINUE = YES;
				GCC_MODEL_TUNING = G4;
				GCC_PRECOMPILE_PREFIX_HEADER = YES;
				GCC_PREFIX_HEADER = "$(SYSTEM_LIBRARY_DIR)/Frameworks/Carbon.framework/Headers/Carbon.h";
				HEADER_SEARCH_PATHS = (
					ffmpeg/libavcodec,
					ffmpeg/libavutil,
					ffmpeg/libpostproc,
				);
				INFOPLIST_FILE = "Perian-Info.plist";
				INSTALL_PATH = "$(HOME)/Library/Bundles";
				LIBRARY_SEARCH_PATHS = $SYMROOT/Universal;
				OTHER_LDFLAGS = (
					"-framework",
					Carbon,
					"-read_only_relocs",
					suppress,
				);
				PREBINDING = NO;
				PRODUCT_NAME = Perian;
				SDKROOT = /Developer/SDKs/MacOSX10.4u.sdk;
				WRAPPER_EXTENSION = component;
				ZERO_LINK = NO;
			};
			name = Default;
		};
		11D4ED480A3CE59A0066D45F /* Development */ = {
			isa = XCBuildConfiguration;
			buildSettings = {
				HEADER_SEARCH_PATHS = include;
				LIBRARY_SEARCH_PATHS = staticLibs;
			};
			name = Development;
		};
		11D4ED490A3CE59A0066D45F /* Deployment */ = {
			isa = XCBuildConfiguration;
			buildSettings = {
			};
			name = Deployment;
		};
		11D4ED4A0A3CE59A0066D45F /* Default */ = {
			isa = XCBuildConfiguration;
			buildSettings = {
			};
			name = Default;
		};
		8F78AC770A41C75B005622AB /* Development */ = {
			isa = XCBuildConfiguration;
			buildSettings = {
				COPY_PHASE_STRIP = NO;
				GCC_DYNAMIC_NO_PIC = NO;
				GCC_GENERATE_DEBUGGING_SYMBOLS = YES;
				GCC_OPTIMIZATION_LEVEL = 0;
				PRODUCT_NAME = "Build Intel Static Libs";
			};
			name = Development;
		};
		8F78AC780A41C75B005622AB /* Deployment */ = {
			isa = XCBuildConfiguration;
			buildSettings = {
				COPY_PHASE_STRIP = YES;
				GCC_ENABLE_FIX_AND_CONTINUE = NO;
				GCC_GENERATE_DEBUGGING_SYMBOLS = NO;
				PRODUCT_NAME = "Build Intel Static Libs";
				ZERO_LINK = NO;
			};
			name = Deployment;
		};
		8F78AC790A41C75B005622AB /* Default */ = {
			isa = XCBuildConfiguration;
			buildSettings = {
				PRODUCT_NAME = "Build Intel Static Libs";
			};
			name = Default;
		};
		8F9B113D0A41CFE200083569 /* Development */ = {
			isa = XCBuildConfiguration;
			buildSettings = {
				COPY_PHASE_STRIP = NO;
				GCC_DYNAMIC_NO_PIC = NO;
				GCC_GENERATE_DEBUGGING_SYMBOLS = YES;
				GCC_OPTIMIZATION_LEVEL = 0;
				PRODUCT_NAME = "Build PPC Static Libs";
			};
			name = Development;
		};
		8F9B113E0A41CFE200083569 /* Deployment */ = {
			isa = XCBuildConfiguration;
			buildSettings = {
				COPY_PHASE_STRIP = YES;
				GCC_ENABLE_FIX_AND_CONTINUE = NO;
				GCC_GENERATE_DEBUGGING_SYMBOLS = NO;
				PRODUCT_NAME = "Build PPC Static Libs";
				ZERO_LINK = NO;
			};
			name = Deployment;
		};
		8F9B113F0A41CFE200083569 /* Default */ = {
			isa = XCBuildConfiguration;
			buildSettings = {
				PRODUCT_NAME = "Build PPC Static Libs";
			};
			name = Default;
		};
		8F9B11540A41D13500083569 /* Development */ = {
			isa = XCBuildConfiguration;
			buildSettings = {
				COPY_PHASE_STRIP = NO;
				GCC_DYNAMIC_NO_PIC = NO;
				GCC_GENERATE_DEBUGGING_SYMBOLS = YES;
				GCC_OPTIMIZATION_LEVEL = 0;
				PRODUCT_NAME = "Lipo Static Libs";
			};
			name = Development;
		};
		8F9B11550A41D13500083569 /* Deployment */ = {
			isa = XCBuildConfiguration;
			buildSettings = {
				COPY_PHASE_STRIP = YES;
				GCC_ENABLE_FIX_AND_CONTINUE = NO;
				GCC_GENERATE_DEBUGGING_SYMBOLS = NO;
				PRODUCT_NAME = "Lipo Static Libs";
				ZERO_LINK = NO;
			};
			name = Deployment;
		};
		8F9B11560A41D13500083569 /* Default */ = {
			isa = XCBuildConfiguration;
			buildSettings = {
				PRODUCT_NAME = "Lipo Static Libs";
			};
			name = Default;
		};
		F5790A3B0A422D2A0083622C /* Development */ = {
			isa = XCBuildConfiguration;
			buildSettings = {
				COPY_PHASE_STRIP = NO;
				GCC_DYNAMIC_NO_PIC = NO;
				GCC_GENERATE_DEBUGGING_SYMBOLS = YES;
				GCC_OPTIMIZATION_LEVEL = 0;
				PRODUCT_NAME = "Perian All";
			};
			name = Development;
		};
		F5790A3C0A422D2A0083622C /* Deployment */ = {
			isa = XCBuildConfiguration;
			buildSettings = {
				COPY_PHASE_STRIP = YES;
				GCC_ENABLE_FIX_AND_CONTINUE = NO;
				GCC_GENERATE_DEBUGGING_SYMBOLS = NO;
				PRODUCT_NAME = "Perian All";
				ZERO_LINK = NO;
			};
			name = Deployment;
		};
		F5790A3D0A422D2A0083622C /* Default */ = {
			isa = XCBuildConfiguration;
			buildSettings = {
				PRODUCT_NAME = "Perian All";
			};
			name = Default;
		};
/* End XCBuildConfiguration section */

/* Begin XCConfigurationList section */
		11A70AC80A3D0111002058D4 /* Build configuration list for PBXNativeTarget "Perian (No Libraries)" */ = {
			isa = XCConfigurationList;
			buildConfigurations = (
				11A70AC90A3D0111002058D4 /* Development */,
				11A70ACA0A3D0111002058D4 /* Deployment */,
				11A70ACB0A3D0111002058D4 /* Default */,
			);
			defaultConfigurationIsVisible = 0;
			defaultConfigurationName = Default;
		};
		11D4ED470A3CE59A0066D45F /* Build configuration list for PBXProject "Perian" */ = {
			isa = XCConfigurationList;
			buildConfigurations = (
				11D4ED480A3CE59A0066D45F /* Development */,
				11D4ED490A3CE59A0066D45F /* Deployment */,
				11D4ED4A0A3CE59A0066D45F /* Default */,
			);
			defaultConfigurationIsVisible = 0;
			defaultConfigurationName = Default;
		};
		8F78AC760A41C75B005622AB /* Build configuration list for PBXAggregateTarget "Build Intel Static Libs" */ = {
			isa = XCConfigurationList;
			buildConfigurations = (
				8F78AC770A41C75B005622AB /* Development */,
				8F78AC780A41C75B005622AB /* Deployment */,
				8F78AC790A41C75B005622AB /* Default */,
			);
			defaultConfigurationIsVisible = 0;
			defaultConfigurationName = Default;
		};
		8F9B113C0A41CFE200083569 /* Build configuration list for PBXAggregateTarget "Build PPC Static Libs" */ = {
			isa = XCConfigurationList;
			buildConfigurations = (
				8F9B113D0A41CFE200083569 /* Development */,
				8F9B113E0A41CFE200083569 /* Deployment */,
				8F9B113F0A41CFE200083569 /* Default */,
			);
			defaultConfigurationIsVisible = 0;
			defaultConfigurationName = Default;
		};
		8F9B11530A41D13500083569 /* Build configuration list for PBXAggregateTarget "Lipo Static Libs" */ = {
			isa = XCConfigurationList;
			buildConfigurations = (
				8F9B11540A41D13500083569 /* Development */,
				8F9B11550A41D13500083569 /* Deployment */,
				8F9B11560A41D13500083569 /* Default */,
			);
			defaultConfigurationIsVisible = 0;
			defaultConfigurationName = Default;
		};
		F5790A3A0A422D2A0083622C /* Build configuration list for PBXAggregateTarget "Perian" */ = {
			isa = XCConfigurationList;
			buildConfigurations = (
				F5790A3B0A422D2A0083622C /* Development */,
				F5790A3C0A422D2A0083622C /* Deployment */,
				F5790A3D0A422D2A0083622C /* Default */,
			);
			defaultConfigurationIsVisible = 0;
			defaultConfigurationName = Default;
		};
/* End XCConfigurationList section */
	};
	rootObject = 089C1669FE841209C02AAC07 /* Project object */;
}
