// !$*UTF8*$!
{
	archiveVersion = 1;
	classes = {
	};
	objectVersion = 42;
	objects = {

/* Begin PBXAggregateTarget section */
		11BA39A80A61E450008AF206 /* ffmpeg Static Libraries */ = {
			isa = PBXAggregateTarget;
			buildConfigurationList = 11BA39B00A61E453008AF206 /* Build configuration list for PBXAggregateTarget "ffmpeg Static Libraries" */;
			buildPhases = (
				11BA39A70A61E450008AF206 /* ShellScript */,
			);
			dependencies = (
			);
			name = "ffmpeg Static Libraries";
			productName = "Version Macros and Static Libraries";
		};
		F59E09EA0A670E3D0019A3F0 /* Debug In QuickTime Player */ = {
			isa = PBXAggregateTarget;
			buildConfigurationList = F59E0A0B0A670E950019A3F0 /* Build configuration list for PBXAggregateTarget "Debug In QuickTime Player" */;
			buildPhases = (
				F59E09E90A670E3D0019A3F0 /* CopyFiles */,
			);
			comments = "This is only useful in the debug mode";
			dependencies = (
				F59E09EC0A670E420019A3F0 /* PBXTargetDependency */,
			);
			name = "Debug In QuickTime Player";
			productName = "Debug In QuickTime Player";
		};
/* End PBXAggregateTarget section */

/* Begin PBXBuildFile section */
		112E0C820A6436BA00DB4C29 /* FFusionCodec.c in Sources */ = {isa = PBXBuildFile; fileRef = F560DF0003D61D0101ABA332 /* FFusionCodec.c */; };
		113F589A0A6B091600509987 /* Codecprintf.c in Sources */ = {isa = PBXBuildFile; fileRef = 113F58990A6B091600509987 /* Codecprintf.c */; };
		11A70ACE0A3D0131002058D4 /* Carbon.framework in Frameworks */ = {isa = PBXBuildFile; fileRef = 11D4EEFC0A3CE7FA0066D45F /* Carbon.framework */; };
		11A70ACF0A3D0131002058D4 /* libavcodec.a in Frameworks */ = {isa = PBXBuildFile; fileRef = 11D4EFA10A3CE8C10066D45F /* libavcodec.a */; };
		11A70AD00A3D0131002058D4 /* libavutil.a in Frameworks */ = {isa = PBXBuildFile; fileRef = 11D4EFA20A3CE8C10066D45F /* libavutil.a */; };
		11A70AD10A3D0131002058D4 /* libpostproc.a in Frameworks */ = {isa = PBXBuildFile; fileRef = 11D4EFA30A3CE8C10066D45F /* libpostproc.a */; };
		11A70AD20A3D0131002058D4 /* libz.dylib in Frameworks */ = {isa = PBXBuildFile; fileRef = 1156DBD80A3CE9F500963B0E /* libz.dylib */; };
		11A70AD30A3D0131002058D4 /* QuickTime.framework in Frameworks */ = {isa = PBXBuildFile; fileRef = 11D4EED50A3CE7EC0066D45F /* QuickTime.framework */; };
		11A70AD80A3D0149002058D4 /* InfoPlist.strings in Resources */ = {isa = PBXBuildFile; fileRef = 089C167DFE841241C02AAC07 /* InfoPlist.strings */; };
		11A70AD90A3D0149002058D4 /* FFusion.icns in Resources */ = {isa = PBXBuildFile; fileRef = F50D440703EAD8DF01B1D299 /* FFusion.icns */; };
		11A70ADA0A3D0149002058D4 /* main.nib in Resources */ = {isa = PBXBuildFile; fileRef = 02B4991D040D596C0049362E /* main.nib */; };
		11A70ADB0A3D0149002058D4 /* PostProcessing.strings in Resources */ = {isa = PBXBuildFile; fileRef = 02B499DE040D7A180049362E /* PostProcessing.strings */; };
		11C85ED80A641E6400DF3D73 /* ff_dataref.c in Sources */ = {isa = PBXBuildFile; fileRef = 11C85ED30A641E6400DF3D73 /* ff_dataref.c */; };
		11C85EDA0A641E6400DF3D73 /* ff_private.c in Sources */ = {isa = PBXBuildFile; fileRef = 11C85ED60A641E6400DF3D73 /* ff_private.c */; };
		11C85FE50A64314400DF3D73 /* ff_MovieImport.c in Sources */ = {isa = PBXBuildFile; fileRef = 11C85ED40A641E6400DF3D73 /* ff_MovieImport.c */; };
		11C85FE60A64314500DF3D73 /* FFusionCodec.r in Rez */ = {isa = PBXBuildFile; fileRef = F560DF0203D622D001ABA332 /* FFusionCodec.r */; };
		11C85FE70A64315500DF3D73 /* Perian-Info.plist in Resources */ = {isa = PBXBuildFile; fileRef = 11A709DA0A3CFCB6002058D4 /* Perian-Info.plist */; };
		8F483B550A642644002CCA73 /* libavformat.a in Frameworks */ = {isa = PBXBuildFile; fileRef = 8F483B540A642644002CCA73 /* libavformat.a */; };
		8F483B5E0A6426C1002CCA73 /* AudioToolbox.framework in Frameworks */ = {isa = PBXBuildFile; fileRef = 8F483B5D0A6426C1002CCA73 /* AudioToolbox.framework */; };
		8F483B8C0A642886002CCA73 /* PerianAviImporter.r in Rez */ = {isa = PBXBuildFile; fileRef = 8F483B8B0A642886002CCA73 /* PerianAviImporter.r */; };
		F59E09F10A670E570019A3F0 /* Perian.component in CopyFiles */ = {isa = PBXBuildFile; fileRef = 11A70AC10A3D0105002058D4 /* Perian.component */; };
/* End PBXBuildFile section */

/* Begin PBXContainerItemProxy section */
		11BA3DAF0A61EE90008AF206 /* PBXContainerItemProxy */ = {
			isa = PBXContainerItemProxy;
			containerPortal = 089C1669FE841209C02AAC07 /* Project object */;
			proxyType = 1;
			remoteGlobalIDString = 11BA39A80A61E450008AF206;
			remoteInfo = "ffmpeg Static Libraries";
		};
		F59E09EB0A670E420019A3F0 /* PBXContainerItemProxy */ = {
			isa = PBXContainerItemProxy;
			containerPortal = 089C1669FE841209C02AAC07 /* Project object */;
			proxyType = 1;
			remoteGlobalIDString = 11A70AC00A3D0105002058D4;
			remoteInfo = Perian;
		};
/* End PBXContainerItemProxy section */

/* Begin PBXCopyFilesBuildPhase section */
		F59E09E90A670E3D0019A3F0 /* CopyFiles */ = {
			isa = PBXCopyFilesBuildPhase;
			buildActionMask = 2147483647;
			dstPath = "$(HOME)/Library/QuickTime";
			dstSubfolderSpec = 0;
			files = (
				F59E09F10A670E570019A3F0 /* Perian.component in CopyFiles */,
			);
			runOnlyForDeploymentPostprocessing = 0;
		};
/* End PBXCopyFilesBuildPhase section */

/* Begin PBXFileReference section */
		02B4991E040D596C0049362E /* English */ = {isa = PBXFileReference; lastKnownFileType = wrapper.nib; name = English; path = English.lproj/main.nib; sourceTree = "<group>"; };
		02B499DF040D7A180049362E /* English */ = {isa = PBXFileReference; fileEncoding = 10; lastKnownFileType = text.plist.strings; name = English; path = English.lproj/PostProcessing.strings; sourceTree = "<group>"; };
		02CA1BD00513A37900D00256 /* French */ = {isa = PBXFileReference; lastKnownFileType = wrapper.nib; name = French; path = French.lproj/main.nib; sourceTree = "<group>"; };
		02CA1BD10513A38400D00256 /* French */ = {isa = PBXFileReference; lastKnownFileType = text.plist.strings; name = French; path = French.lproj/PostProcessing.strings; sourceTree = "<group>"; };
		02CA1BD20513A38D00D00256 /* French */ = {isa = PBXFileReference; lastKnownFileType = text.plist.strings; name = French; path = French.lproj/InfoPlist.strings; sourceTree = "<group>"; };
		089C167EFE841241C02AAC07 /* English */ = {isa = PBXFileReference; fileEncoding = 10; lastKnownFileType = text.plist.strings; name = English; path = English.lproj/InfoPlist.strings; sourceTree = "<group>"; };
		113F58980A6B091600509987 /* Codecprintf.h */ = {isa = PBXFileReference; fileEncoding = 4; lastKnownFileType = sourcecode.c.h; path = Codecprintf.h; sourceTree = "<group>"; };
		113F58990A6B091600509987 /* Codecprintf.c */ = {isa = PBXFileReference; fileEncoding = 4; lastKnownFileType = sourcecode.c.c; path = Codecprintf.c; sourceTree = "<group>"; };
		1156DBD80A3CE9F500963B0E /* libz.dylib */ = {isa = PBXFileReference; lastKnownFileType = "compiled.mach-o.dylib"; name = libz.dylib; path = /usr/lib/libz.dylib; sourceTree = "<absolute>"; };
		11A709DA0A3CFCB6002058D4 /* Perian-Info.plist */ = {isa = PBXFileReference; lastKnownFileType = text.xml; path = "Perian-Info.plist"; sourceTree = "<group>"; };
		11A70AC10A3D0105002058D4 /* Perian.component */ = {isa = PBXFileReference; explicitFileType = wrapper.cfbundle; includeInIndex = 0; path = Perian.component; sourceTree = BUILT_PRODUCTS_DIR; };
		11C85ED30A641E6400DF3D73 /* ff_dataref.c */ = {isa = PBXFileReference; fileEncoding = 4; lastKnownFileType = sourcecode.c.c; path = ff_dataref.c; sourceTree = "<group>"; };
		11C85ED40A641E6400DF3D73 /* ff_MovieImport.c */ = {isa = PBXFileReference; fileEncoding = 4; lastKnownFileType = sourcecode.c.c; path = ff_MovieImport.c; sourceTree = "<group>"; };
		11C85ED50A641E6400DF3D73 /* ff_MovieImportVersion.h */ = {isa = PBXFileReference; fileEncoding = 4; lastKnownFileType = sourcecode.c.h; path = ff_MovieImportVersion.h; sourceTree = "<group>"; };
		11C85ED60A641E6400DF3D73 /* ff_private.c */ = {isa = PBXFileReference; fileEncoding = 4; lastKnownFileType = sourcecode.c.c; path = ff_private.c; sourceTree = "<group>"; };
		11C85ED70A641E6400DF3D73 /* ff_private.h */ = {isa = PBXFileReference; fileEncoding = 4; lastKnownFileType = sourcecode.c.h; path = ff_private.h; sourceTree = "<group>"; };
		11D4EED50A3CE7EC0066D45F /* QuickTime.framework */ = {isa = PBXFileReference; lastKnownFileType = wrapper.framework; name = QuickTime.framework; path = /Developer/SDKs/MacOSX10.4u.sdk/System/Library/Frameworks/QuickTime.framework; sourceTree = "<absolute>"; };
		11D4EEFC0A3CE7FA0066D45F /* Carbon.framework */ = {isa = PBXFileReference; lastKnownFileType = wrapper.framework; name = Carbon.framework; path = /Developer/SDKs/MacOSX10.4u.sdk/System/Library/Frameworks/Carbon.framework; sourceTree = "<absolute>"; };
		11D4EFA10A3CE8C10066D45F /* libavcodec.a */ = {isa = PBXFileReference; lastKnownFileType = archive.ar; name = libavcodec.a; path = build/Universal/libavcodec.a; sourceTree = "<group>"; };
		11D4EFA20A3CE8C10066D45F /* libavutil.a */ = {isa = PBXFileReference; lastKnownFileType = archive.ar; name = libavutil.a; path = build/Universal/libavutil.a; sourceTree = "<group>"; };
		11D4EFA30A3CE8C10066D45F /* libpostproc.a */ = {isa = PBXFileReference; lastKnownFileType = archive.ar; name = libpostproc.a; path = build/Universal/libpostproc.a; sourceTree = "<group>"; };
		8F483B540A642644002CCA73 /* libavformat.a */ = {isa = PBXFileReference; lastKnownFileType = archive.ar; name = libavformat.a; path = build/Universal/libavformat.a; sourceTree = "<group>"; };
		8F483B5D0A6426C1002CCA73 /* AudioToolbox.framework */ = {isa = PBXFileReference; lastKnownFileType = wrapper.framework; name = AudioToolbox.framework; path = /Developer/SDKs/MacOSX10.4u.sdk/System/Library/Frameworks/AudioToolbox.framework; sourceTree = "<absolute>"; };
		8F483B8B0A642886002CCA73 /* PerianAviImporter.r */ = {isa = PBXFileReference; fileEncoding = 4; lastKnownFileType = sourcecode.rez; path = PerianAviImporter.r; sourceTree = "<group>"; };
		8F483BBC0A642B3D002CCA73 /* ff_MovieImportDispatch.h */ = {isa = PBXFileReference; fileEncoding = 4; lastKnownFileType = sourcecode.c.h; path = ff_MovieImportDispatch.h; sourceTree = "<group>"; };
		F50D440703EAD8DF01B1D299 /* FFusion.icns */ = {isa = PBXFileReference; lastKnownFileType = image.icns; path = FFusion.icns; sourceTree = "<group>"; };
		F560DECD03D61B6101ABA332 /* Components.k.h */ = {isa = PBXFileReference; fileEncoding = 4; lastKnownFileType = sourcecode.c.h; path = Components.k.h; sourceTree = "<group>"; };
		F560DEFC03D61BE301ABA332 /* FFusionCodec.h */ = {isa = PBXFileReference; fileEncoding = 4; lastKnownFileType = sourcecode.c.h; path = FFusionCodec.h; sourceTree = "<group>"; };
		F560DEFE03D61C4601ABA332 /* FFusionCodecDispatch.h */ = {isa = PBXFileReference; fileEncoding = 4; lastKnownFileType = sourcecode.c.h; path = FFusionCodecDispatch.h; sourceTree = "<group>"; };
		F560DF0003D61D0101ABA332 /* FFusionCodec.c */ = {isa = PBXFileReference; fileEncoding = 4; lastKnownFileType = sourcecode.c.c; path = FFusionCodec.c; sourceTree = "<group>"; };
		F560DF0203D622D001ABA332 /* FFusionCodec.r */ = {isa = PBXFileReference; fileEncoding = 4; lastKnownFileType = sourcecode.rez; path = FFusionCodec.r; sourceTree = "<group>"; };
/* End PBXFileReference section */

/* Begin PBXFrameworksBuildPhase section */
		11A70ABF0A3D0105002058D4 /* Frameworks */ = {
			isa = PBXFrameworksBuildPhase;
			buildActionMask = 2147483647;
			files = (
				11A70ACE0A3D0131002058D4 /* Carbon.framework in Frameworks */,
				11A70ACF0A3D0131002058D4 /* libavcodec.a in Frameworks */,
				11A70AD00A3D0131002058D4 /* libavutil.a in Frameworks */,
				11A70AD10A3D0131002058D4 /* libpostproc.a in Frameworks */,
				11A70AD20A3D0131002058D4 /* libz.dylib in Frameworks */,
				11A70AD30A3D0131002058D4 /* QuickTime.framework in Frameworks */,
				8F483B550A642644002CCA73 /* libavformat.a in Frameworks */,
				8F483B5E0A6426C1002CCA73 /* AudioToolbox.framework in Frameworks */,
			);
			runOnlyForDeploymentPostprocessing = 0;
		};
/* End PBXFrameworksBuildPhase section */

/* Begin PBXGroup section */
		089C166AFE841209C02AAC07 /* ffmpeg DivX */ = {
			isa = PBXGroup;
			children = (
				08FB77ADFE841716C02AAC07 /* Source */,
				089C167CFE841241C02AAC07 /* Resources */,
				089C1671FE841209C02AAC07 /* External Frameworks and Libraries */,
				19C28FB4FE9D528D11CA2CBB /* Products */,
				11A709DA0A3CFCB6002058D4 /* Perian-Info.plist */,
			);
			name = "ffmpeg DivX";
			sourceTree = "<group>";
		};
		089C1671FE841209C02AAC07 /* External Frameworks and Libraries */ = {
			isa = PBXGroup;
			children = (
				8F483B5D0A6426C1002CCA73 /* AudioToolbox.framework */,
				1156DBD80A3CE9F500963B0E /* libz.dylib */,
				11D4EFA10A3CE8C10066D45F /* libavcodec.a */,
				8F483B540A642644002CCA73 /* libavformat.a */,
				11D4EFA20A3CE8C10066D45F /* libavutil.a */,
				11D4EFA30A3CE8C10066D45F /* libpostproc.a */,
				11D4EEFC0A3CE7FA0066D45F /* Carbon.framework */,
				11D4EED50A3CE7EC0066D45F /* QuickTime.framework */,
			);
			name = "External Frameworks and Libraries";
			sourceTree = "<group>";
		};
		089C167CFE841241C02AAC07 /* Resources */ = {
			isa = PBXGroup;
			children = (
				8F483B8B0A642886002CCA73 /* PerianAviImporter.r */,
				089C167DFE841241C02AAC07 /* InfoPlist.strings */,
				02B499DE040D7A180049362E /* PostProcessing.strings */,
				02B4991D040D596C0049362E /* main.nib */,
				F560DF0203D622D001ABA332 /* FFusionCodec.r */,
				F50D440903EAD8E701B1D299 /* Images */,
			);
			name = Resources;
			sourceTree = "<group>";
		};
		08FB77ADFE841716C02AAC07 /* Source */ = {
			isa = PBXGroup;
			children = (
				11C85ED30A641E6400DF3D73 /* ff_dataref.c */,
				8F483BBC0A642B3D002CCA73 /* ff_MovieImportDispatch.h */,
				11C85ED40A641E6400DF3D73 /* ff_MovieImport.c */,
				11C85ED50A641E6400DF3D73 /* ff_MovieImportVersion.h */,
				11C85ED60A641E6400DF3D73 /* ff_private.c */,
				11C85ED70A641E6400DF3D73 /* ff_private.h */,
				F560DECD03D61B6101ABA332 /* Components.k.h */,
				F560DEFC03D61BE301ABA332 /* FFusionCodec.h */,
				F560DEFE03D61C4601ABA332 /* FFusionCodecDispatch.h */,
				F560DF0003D61D0101ABA332 /* FFusionCodec.c */,
				113F58980A6B091600509987 /* Codecprintf.h */,
				113F58990A6B091600509987 /* Codecprintf.c */,
			);
			name = Source;
			sourceTree = "<group>";
		};
		19C28FB4FE9D528D11CA2CBB /* Products */ = {
			isa = PBXGroup;
			children = (
				11A70AC10A3D0105002058D4 /* Perian.component */,
			);
			name = Products;
			sourceTree = "<group>";
		};
		F50D440903EAD8E701B1D299 /* Images */ = {
			isa = PBXGroup;
			children = (
				F50D440703EAD8DF01B1D299 /* FFusion.icns */,
			);
			name = Images;
			sourceTree = "<group>";
		};
/* End PBXGroup section */

/* Begin PBXNativeTarget section */
		11A70AC00A3D0105002058D4 /* Perian */ = {
			isa = PBXNativeTarget;
			buildConfigurationList = 11A70AC80A3D0111002058D4 /* Build configuration list for PBXNativeTarget "Perian" */;
			buildPhases = (
				11A70ABD0A3D0105002058D4 /* Resources */,
				11A70ABE0A3D0105002058D4 /* Sources */,
				11A70ABF0A3D0105002058D4 /* Frameworks */,
				11A70ADC0A3D0156002058D4 /* Rez */,
				11BA3E510A61F2CE008AF206 /* ShellScript */,
			);
			buildRules = (
			);
			dependencies = (
				11BA3DB00A61EE90008AF206 /* PBXTargetDependency */,
			);
			name = Perian;
			productName = Perian;
			productReference = 11A70AC10A3D0105002058D4 /* Perian.component */;
			productType = "com.apple.product-type.bundle";
		};
/* End PBXNativeTarget section */

/* Begin PBXProject section */
		089C1669FE841209C02AAC07 /* Project object */ = {
			isa = PBXProject;
			buildConfigurationList = 11D4ED470A3CE59A0066D45F /* Build configuration list for PBXProject "Perian" */;
			hasScannedForEncodings = 1;
			mainGroup = 089C166AFE841209C02AAC07 /* ffmpeg DivX */;
			projectDirPath = "";
			targets = (
				11A70AC00A3D0105002058D4 /* Perian */,
				11BA39A80A61E450008AF206 /* ffmpeg Static Libraries */,
				F59E09EA0A670E3D0019A3F0 /* Debug In QuickTime Player */,
			);
		};
/* End PBXProject section */

/* Begin PBXResourcesBuildPhase section */
		11A70ABD0A3D0105002058D4 /* Resources */ = {
			isa = PBXResourcesBuildPhase;
			buildActionMask = 2147483647;
			files = (
				11A70AD80A3D0149002058D4 /* InfoPlist.strings in Resources */,
				11A70AD90A3D0149002058D4 /* FFusion.icns in Resources */,
				11A70ADA0A3D0149002058D4 /* main.nib in Resources */,
				11A70ADB0A3D0149002058D4 /* PostProcessing.strings in Resources */,
				11C85FE70A64315500DF3D73 /* Perian-Info.plist in Resources */,
			);
			runOnlyForDeploymentPostprocessing = 0;
		};
/* End PBXResourcesBuildPhase section */

/* Begin PBXRezBuildPhase section */
		11A70ADC0A3D0156002058D4 /* Rez */ = {
			isa = PBXRezBuildPhase;
			buildActionMask = 2147483647;
			files = (
				8F483B8C0A642886002CCA73 /* PerianAviImporter.r in Rez */,
				11C85FE60A64314500DF3D73 /* FFusionCodec.r in Rez */,
			);
			runOnlyForDeploymentPostprocessing = 0;
		};
/* End PBXRezBuildPhase section */

/* Begin PBXShellScriptBuildPhase section */
		11BA39A70A61E450008AF206 /* ShellScript */ = {
			isa = PBXShellScriptBuildPhase;
			buildActionMask = 12;
			files = (
			);
			inputPaths = (
			);
			outputPaths = (
			);
			runOnlyForDeploymentPostprocessing = 0;
			shellPath = /bin/sh;
			shellScript = "source $SRCROOT/createStaticLibs.sh";
		};
		11BA3E510A61F2CE008AF206 /* ShellScript */ = {
			isa = PBXShellScriptBuildPhase;
			buildActionMask = 2147483647;
			files = (
			);
			inputPaths = (
			);
			outputPaths = (
			);
			runOnlyForDeploymentPostprocessing = 0;
			shellPath = /bin/sh;
			shellScript = "# Xcode auto-versioning script for Subversion\n# by Axel Andersson, modified by Daniel Jalkut to add\n# \"--revision HEAD\" to the svn info line, which allows\n# the latest revision to always be used.\n\n# further modified by Augie Fackler to be gross and sh-based in places\n# so that you can have svn installed anywhere\nPATH=$PATH:/usr/local/bin:/usr/bin:/sw/bin:/opt/local/bin\nffmpeg_rev=`cat \"$SYMROOT/Universal/buildid\"`\nREV=`svnversion -n ./`\necho $REV\n\necho | perl <<EOF\nuse strict;\ndie \"\\$0: Must be run from Xcode\" unless \\$ENV{\"BUILT_PRODUCTS_DIR\"};\n\nmy \\$INFO = \"\\$ENV{BUILT_PRODUCTS_DIR}/\\$ENV{WRAPPER_NAME}/Contents/Info.plist\";\n\nmy \\$version = \"$REV\";\n\n# (Match the last group of digits and optional letter M/S):\n\n# ugly yet functional (barely) regex by Daniel Jalkut:\n#$version =~ s/([\\d]*:)(\\d+[M|S]*).*/$2/;\n\n# better yet still functional regex via Kevin \"Regex Nerd\" Ballard\n(\\$version =~ m/\\d+[MS]*\\$/) && (\\$version = \\$&);\n\nopen(FH, \"\\$INFO\") or die \"\\$0: \\$INFO: $!\";\nmy \\$info = join(\"\", <FH>);\nclose(FH);\n\n#\\$info =~ s/([\\t ]+<key>CFBundleVersion<\\/key>\\n[\\t ]+<string>).*?(<\\/string>)/\\$1\\$version\\$2/;\n\\$info =~ s/SVNREVISION/\\$version/;\n\\$info =~ s/FFMPEGREVISION/$ffmpeg_rev/;\n\nopen(FH, \">\\$INFO\") or die \"\\$0: \\$INFO: \\$!\";\nprint FH \\$info;\nclose(FH);\nEOF\n";
		};
/* End PBXShellScriptBuildPhase section */

/* Begin PBXSourcesBuildPhase section */
		11A70ABE0A3D0105002058D4 /* Sources */ = {
			isa = PBXSourcesBuildPhase;
			buildActionMask = 2147483647;
			files = (
				11C85ED80A641E6400DF3D73 /* ff_dataref.c in Sources */,
				11C85EDA0A641E6400DF3D73 /* ff_private.c in Sources */,
				11C85FE50A64314400DF3D73 /* ff_MovieImport.c in Sources */,
				112E0C820A6436BA00DB4C29 /* FFusionCodec.c in Sources */,
				113F589A0A6B091600509987 /* Codecprintf.c in Sources */,
			);
			runOnlyForDeploymentPostprocessing = 0;
		};
/* End PBXSourcesBuildPhase section */

/* Begin PBXTargetDependency section */
		11BA3DB00A61EE90008AF206 /* PBXTargetDependency */ = {
			isa = PBXTargetDependency;
			target = 11BA39A80A61E450008AF206 /* ffmpeg Static Libraries */;
			targetProxy = 11BA3DAF0A61EE90008AF206 /* PBXContainerItemProxy */;
		};
		F59E09EC0A670E420019A3F0 /* PBXTargetDependency */ = {
			isa = PBXTargetDependency;
			target = 11A70AC00A3D0105002058D4 /* Perian */;
			targetProxy = F59E09EB0A670E420019A3F0 /* PBXContainerItemProxy */;
		};
/* End PBXTargetDependency section */

/* Begin PBXVariantGroup section */
		02B4991D040D596C0049362E /* main.nib */ = {
			isa = PBXVariantGroup;
			children = (
				02B4991E040D596C0049362E /* English */,
				02CA1BD00513A37900D00256 /* French */,
			);
			name = main.nib;
			sourceTree = "<group>";
		};
		02B499DE040D7A180049362E /* PostProcessing.strings */ = {
			isa = PBXVariantGroup;
			children = (
				02B499DF040D7A180049362E /* English */,
				02CA1BD10513A38400D00256 /* French */,
			);
			name = PostProcessing.strings;
			sourceTree = "<group>";
		};
		089C167DFE841241C02AAC07 /* InfoPlist.strings */ = {
			isa = PBXVariantGroup;
			children = (
				089C167EFE841241C02AAC07 /* English */,
				02CA1BD20513A38D00D00256 /* French */,
			);
			name = InfoPlist.strings;
			sourceTree = "<group>";
		};
/* End PBXVariantGroup section */

/* Begin XCBuildConfiguration section */
		11A70AC90A3D0111002058D4 /* Development */ = {
			isa = XCBuildConfiguration;
			buildSettings = {
				ARCHS = (
					i386,
					ppc,
				);
				COPY_PHASE_STRIP = NO;
				DEBUG_INFORMATION_FORMAT = stabs;
				EXPORTED_SYMBOLS_FILE = "$(SOURCE_ROOT)/exportedSymbols";
				FRAMEWORK_SEARCH_PATHS = (
					"$(inherited)",
					"$(FRAMEWORK_SEARCH_PATHS_QUOTED_1)",
					"$(FRAMEWORK_SEARCH_PATHS_QUOTED_2)",
				);
				FRAMEWORK_SEARCH_PATHS_QUOTED_1 = "\"$(SYSTEM_DEVELOPER_DIR)/SDKs/MacOSX10.4u.sdk/System/Library/Frameworks\"";
				FRAMEWORK_SEARCH_PATHS_QUOTED_2 = "\"$(SYSTEM_DEVELOPER_DIR)/SDKs/MacOSX10.4u.sdk/System/Library/Frameworks\"";
				GCC_DYNAMIC_NO_PIC = NO;
				GCC_ENABLE_FIX_AND_CONTINUE = YES;
				GCC_GENERATE_DEBUGGING_SYMBOLS = YES;
				GCC_MODEL_TUNING = G4;
				GCC_OPTIMIZATION_LEVEL = 0;
				GCC_PRECOMPILE_PREFIX_HEADER = YES;
				GCC_PREFIX_HEADER = "$(SYSTEM_LIBRARY_DIR)/Frameworks/Carbon.framework/Headers/Carbon.h";
				GCC_PREPROCESSOR_DEFINITIONS = DEBUG_BUILD;
				HEADER_SEARCH_PATHS = (
					ffmpeg/libavcodec,
					ffmpeg/libavutil,
					ffmpeg/libpostproc,
					ffmpeg/libavformat,
				);
				INFOPLIST_FILE = "Perian-Info.plist";
				INSTALL_PATH = "$(HOME)/Library/QuickTime";
				LIBRARY_SEARCH_PATHS = (
					$SYMROOT/Universal,
					"$(LIBRARY_SEARCH_PATHS_QUOTED_1)",
				);
				LIBRARY_SEARCH_PATHS_QUOTED_1 = "\"$(SRCROOT)/build/Universal\"";
				OTHER_LDFLAGS = (
					"-framework",
					Carbon,
					"-read_only_relocs",
					suppress,
				);
				PREBINDING = NO;
				PRODUCT_NAME = Perian;
				REZ_PREPROCESSOR_DEFINITIONS = "";
				SDKROOT = /Developer/SDKs/MacOSX10.4u.sdk;
				WRAPPER_EXTENSION = component;
				ZERO_LINK = NO;
			};
			name = Development;
		};
		11A70ACA0A3D0111002058D4 /* Deployment */ = {
			isa = XCBuildConfiguration;
			buildSettings = {
				ARCHS = (
					i386,
					ppc,
				);
				COPY_PHASE_STRIP = YES;
				DEAD_CODE_STRIPPING = YES;
				DEBUG_INFORMATION_FORMAT = stabs;
				EXPORTED_SYMBOLS_FILE = "$(SOURCE_ROOT)/exportedSymbols";
				FRAMEWORK_SEARCH_PATHS = (
					"$(inherited)",
					"$(FRAMEWORK_SEARCH_PATHS_QUOTED_1)",
					"$(FRAMEWORK_SEARCH_PATHS_QUOTED_2)",
				);
				FRAMEWORK_SEARCH_PATHS_QUOTED_1 = "\"$(SYSTEM_DEVELOPER_DIR)/SDKs/MacOSX10.4u.sdk/System/Library/Frameworks\"";
				FRAMEWORK_SEARCH_PATHS_QUOTED_2 = "\"$(SYSTEM_DEVELOPER_DIR)/SDKs/MacOSX10.4u.sdk/System/Library/Frameworks\"";
				GCC_ENABLE_FIX_AND_CONTINUE = NO;
				GCC_GENERATE_DEBUGGING_SYMBOLS = NO;
				GCC_MODEL_TUNING = G4;
				GCC_PRECOMPILE_PREFIX_HEADER = YES;
				GCC_PREFIX_HEADER = "$(SYSTEM_LIBRARY_DIR)/Frameworks/Carbon.framework/Headers/Carbon.h";
				HEADER_SEARCH_PATHS = (
					ffmpeg/libavcodec,
					ffmpeg/libavutil,
					ffmpeg/libpostproc,
					ffmpeg/libavformat,
				);
				INFOPLIST_FILE = "Perian-Info.plist";
				INSTALL_PATH = "$(HOME)/Library/QuickTime";
				LIBRARY_SEARCH_PATHS = (
					$SYMROOT/Universal,
					"$(LIBRARY_SEARCH_PATHS_QUOTED_1)",
				);
				LIBRARY_SEARCH_PATHS_QUOTED_1 = "\"$(SRCROOT)/build/Universal\"";
				OTHER_LDFLAGS = (
					"-framework",
					Carbon,
					"-read_only_relocs",
					suppress,
				);
				PREBINDING = NO;
				PRODUCT_NAME = Perian;
				SDKROOT = /Developer/SDKs/MacOSX10.4u.sdk;
				WRAPPER_EXTENSION = component;
				ZERO_LINK = NO;
			};
			name = Deployment;
		};
		11A70ACB0A3D0111002058D4 /* Default */ = {
			isa = XCBuildConfiguration;
			buildSettings = {
				ARCHS = (
					i386,
					ppc,
				);
				DEBUG_INFORMATION_FORMAT = stabs;
				EXPORTED_SYMBOLS_FILE = "$(SOURCE_ROOT)/exportedSymbols";
				FRAMEWORK_SEARCH_PATHS = (
					"$(inherited)",
					"$(FRAMEWORK_SEARCH_PATHS_QUOTED_1)",
					"$(FRAMEWORK_SEARCH_PATHS_QUOTED_2)",
				);
				FRAMEWORK_SEARCH_PATHS_QUOTED_1 = "\"$(SYSTEM_DEVELOPER_DIR)/SDKs/MacOSX10.4u.sdk/System/Library/Frameworks\"";
				FRAMEWORK_SEARCH_PATHS_QUOTED_2 = "\"$(SYSTEM_DEVELOPER_DIR)/SDKs/MacOSX10.4u.sdk/System/Library/Frameworks\"";
				GCC_ENABLE_FIX_AND_CONTINUE = YES;
				GCC_MODEL_TUNING = G4;
				GCC_PRECOMPILE_PREFIX_HEADER = YES;
				GCC_PREFIX_HEADER = "$(SYSTEM_LIBRARY_DIR)/Frameworks/Carbon.framework/Headers/Carbon.h";
				HEADER_SEARCH_PATHS = (
					ffmpeg/libavcodec,
					ffmpeg/libavutil,
					ffmpeg/libpostproc,
					ffmpeg/libavformat,
				);
				INFOPLIST_FILE = "Perian-Info.plist";
				INSTALL_PATH = "$(HOME)/Library/QuickTime";
				LIBRARY_SEARCH_PATHS = (
					$SYMROOT/Universal,
					"$(LIBRARY_SEARCH_PATHS_QUOTED_1)",
				);
				LIBRARY_SEARCH_PATHS_QUOTED_1 = "\"$(SRCROOT)/build/Universal\"";
				OTHER_LDFLAGS = (
					"-framework",
					Carbon,
					"-read_only_relocs",
					suppress,
				);
				PREBINDING = NO;
				PRODUCT_NAME = Perian;
				SDKROOT = /Developer/SDKs/MacOSX10.4u.sdk;
				WRAPPER_EXTENSION = component;
				ZERO_LINK = NO;
			};
			name = Default;
		};
		11BA39B10A61E453008AF206 /* Development */ = {
			isa = XCBuildConfiguration;
			buildSettings = {
				COPY_PHASE_STRIP = NO;
				GCC_DYNAMIC_NO_PIC = NO;
				GCC_GENERATE_DEBUGGING_SYMBOLS = YES;
				GCC_OPTIMIZATION_LEVEL = 0;
				PRODUCT_NAME = "Version Macros and Static Libraries";
			};
			name = Development;
		};
		11BA39B20A61E453008AF206 /* Deployment */ = {
			isa = XCBuildConfiguration;
			buildSettings = {
				COPY_PHASE_STRIP = YES;
				GCC_ENABLE_FIX_AND_CONTINUE = NO;
				GCC_GENERATE_DEBUGGING_SYMBOLS = NO;
				PRODUCT_NAME = "Version Macros and Static Libraries";
				ZERO_LINK = NO;
			};
			name = Deployment;
		};
		11BA39B30A61E453008AF206 /* Default */ = {
			isa = XCBuildConfiguration;
			buildSettings = {
				PRODUCT_NAME = "Version Macros and Static Libraries";
			};
			name = Default;
		};
		11D4ED480A3CE59A0066D45F /* Development */ = {
			isa = XCBuildConfiguration;
			buildSettings = {
				HEADER_SEARCH_PATHS = include;
				LIBRARY_SEARCH_PATHS = staticLibs;
			};
			name = Development;
		};
		11D4ED490A3CE59A0066D45F /* Deployment */ = {
			isa = XCBuildConfiguration;
			buildSettings = {
			};
			name = Deployment;
		};
		11D4ED4A0A3CE59A0066D45F /* Default */ = {
			isa = XCBuildConfiguration;
			buildSettings = {
			};
			name = Default;
		};
		F59E0A0C0A670E950019A3F0 /* Development */ = {
			isa = XCBuildConfiguration;
			buildSettings = {
				COPY_PHASE_STRIP = NO;
				GCC_DYNAMIC_NO_PIC = NO;
				GCC_GENERATE_DEBUGGING_SYMBOLS = YES;
				GCC_OPTIMIZATION_LEVEL = 0;
				PRODUCT_NAME = "Debug In QuickTime Player";
			};
			name = Development;
		};
		F59E0A0D0A670E950019A3F0 /* Deployment */ = {
			isa = XCBuildConfiguration;
			buildSettings = {
				COPY_PHASE_STRIP = YES;
				GCC_ENABLE_FIX_AND_CONTINUE = NO;
				GCC_GENERATE_DEBUGGING_SYMBOLS = NO;
				PRODUCT_NAME = "Debug In QuickTime Player";
				ZERO_LINK = NO;
			};
			name = Deployment;
		};
		F59E0A0E0A670E950019A3F0 /* Default */ = {
			isa = XCBuildConfiguration;
			buildSettings = {
				PRODUCT_NAME = "Debug In QuickTime Player";
			};
			name = Default;
		};
/* End XCBuildConfiguration section */

/* Begin XCConfigurationList section */
		11A70AC80A3D0111002058D4 /* Build configuration list for PBXNativeTarget "Perian" */ = {
			isa = XCConfigurationList;
			buildConfigurations = (
				11A70AC90A3D0111002058D4 /* Development */,
				11A70ACA0A3D0111002058D4 /* Deployment */,
				11A70ACB0A3D0111002058D4 /* Default */,
			);
			defaultConfigurationIsVisible = 0;
			defaultConfigurationName = Default;
		};
		11BA39B00A61E453008AF206 /* Build configuration list for PBXAggregateTarget "ffmpeg Static Libraries" */ = {
			isa = XCConfigurationList;
			buildConfigurations = (
				11BA39B10A61E453008AF206 /* Development */,
				11BA39B20A61E453008AF206 /* Deployment */,
				11BA39B30A61E453008AF206 /* Default */,
			);
			defaultConfigurationIsVisible = 0;
			defaultConfigurationName = Default;
		};
		11D4ED470A3CE59A0066D45F /* Build configuration list for PBXProject "Perian" */ = {
			isa = XCConfigurationList;
			buildConfigurations = (
				11D4ED480A3CE59A0066D45F /* Development */,
				11D4ED490A3CE59A0066D45F /* Deployment */,
				11D4ED4A0A3CE59A0066D45F /* Default */,
			);
			defaultConfigurationIsVisible = 0;
			defaultConfigurationName = Default;
		};
		F59E0A0B0A670E950019A3F0 /* Build configuration list for PBXAggregateTarget "Debug In QuickTime Player" */ = {
			isa = XCConfigurationList;
			buildConfigurations = (
				F59E0A0C0A670E950019A3F0 /* Development */,
				F59E0A0D0A670E950019A3F0 /* Deployment */,
				F59E0A0E0A670E950019A3F0 /* Default */,
			);
			defaultConfigurationIsVisible = 0;
			defaultConfigurationName = Default;
		};
/* End XCConfigurationList section */
	};
	rootObject = 089C1669FE841209C02AAC07 /* Project object */;
}
